
Microsoft Visual Studio Solution File, Format Version 12.00
# Visual Studio Version 16
VisualStudioVersion = 16.0.30320.27
MinimumVisualStudioVersion = 10.0.40219.1
Project("{FAE04EC0-301F-11D3-BF4B-00C04F79EFBC}") = "XBOXGameBarPoc_Win32", "XBOXGameBarPoc_Win32\XBOXGameBarPoc_Win32.csproj", "{A81BE391-5171-462B-BD93-D4F68B9B0706}"
EndProject
Project("{C7167F0D-BC9F-4E6E-AFE1-012C56B48DB5}") = "XBOXGameBarPoc_Package", "XBOXGameBarPoc_Package\XBOXGameBarPoc_Package.wapproj", "{DD663A23-103B-4644-AB35-0C7C5A946AD7}"
EndProject
Project("{FAE04EC0-301F-11D3-BF4B-00C04F79EFBC}") = "XBOXGameBarPoc_UWP", "XBOXGameBarPoc_UWP\XBOXGameBarPoc_UWP.csproj", "{D525F983-E5E6-4B82-9281-AD51D858D767}"
EndProject
Global
	GlobalSection(SolutionConfigurationPlatforms) = preSolution
		Debug|Any CPU = Debug|Any CPU
		Debug|ARM = Debug|ARM
		Debug|ARM64 = Debug|ARM64
		Debug|x64 = Debug|x64
		Debug|x86 = Debug|x86
		Release|Any CPU = Release|Any CPU
		Release|ARM = Release|ARM
		Release|ARM64 = Release|ARM64
		Release|x64 = Release|x64
		Release|x86 = Release|x86
	EndGlobalSection
	GlobalSection(ProjectConfigurationPlatforms) = postSolution
		{A81BE391-5171-462B-BD93-D4F68B9B0706}.Debug|Any CPU.ActiveCfg = Debug|Any CPU
		{A81BE391-5171-462B-BD93-D4F68B9B0706}.Debug|Any CPU.Build.0 = Debug|Any CPU
		{A81BE391-5171-462B-BD93-D4F68B9B0706}.Debug|ARM.ActiveCfg = Debug|Any CPU
		{A81BE391-5171-462B-BD93-D4F68B9B0706}.Debug|ARM.Build.0 = Debug|Any CPU
		{A81BE391-5171-462B-BD93-D4F68B9B0706}.Debug|ARM64.ActiveCfg = Debug|Any CPU
		{A81BE391-5171-462B-BD93-D4F68B9B0706}.Debug|ARM64.Build.0 = Debug|Any CPU
		{A81BE391-5171-462B-BD93-D4F68B9B0706}.Debug|x64.ActiveCfg = Debug|Any CPU
		{A81BE391-5171-462B-BD93-D4F68B9B0706}.Debug|x64.Build.0 = Debug|Any CPU
		{A81BE391-5171-462B-BD93-D4F68B9B0706}.Debug|x86.ActiveCfg = Debug|Any CPU
		{A81BE391-5171-462B-BD93-D4F68B9B0706}.Release|Any CPU.ActiveCfg = Release|Any CPU
		{A81BE391-5171-462B-BD93-D4F68B9B0706}.Release|Any CPU.Build.0 = Release|Any CPU
		{A81BE391-5171-462B-BD93-D4F68B9B0706}.Release|ARM.ActiveCfg = Release|Any CPU
		{A81BE391-5171-462B-BD93-D4F68B9B0706}.Release|ARM.Build.0 = Release|Any CPU
		{A81BE391-5171-462B-BD93-D4F68B9B0706}.Release|ARM64.ActiveCfg = Release|Any CPU
		{A81BE391-5171-462B-BD93-D4F68B9B0706}.Release|ARM64.Build.0 = Release|Any CPU
		{A81BE391-5171-462B-BD93-D4F68B9B0706}.Release|x64.ActiveCfg = Release|Any CPU
		{A81BE391-5171-462B-BD93-D4F68B9B0706}.Release|x64.Build.0 = Release|Any CPU
		{A81BE391-5171-462B-BD93-D4F68B9B0706}.Release|x86.ActiveCfg = Release|Any CPU
		{DD663A23-103B-4644-AB35-0C7C5A946AD7}.Debug|Any CPU.ActiveCfg = Debug|Any CPU
		{DD663A23-103B-4644-AB35-0C7C5A946AD7}.Debug|Any CPU.Build.0 = Debug|Any CPU
		{DD663A23-103B-4644-AB35-0C7C5A946AD7}.Debug|Any CPU.Deploy.0 = Debug|Any CPU
		{DD663A23-103B-4644-AB35-0C7C5A946AD7}.Debug|ARM.ActiveCfg = Debug|ARM
		{DD663A23-103B-4644-AB35-0C7C5A946AD7}.Debug|ARM.Build.0 = Debug|ARM
		{DD663A23-103B-4644-AB35-0C7C5A946AD7}.Debug|ARM.Deploy.0 = Debug|ARM
		{DD663A23-103B-4644-AB35-0C7C5A946AD7}.Debug|ARM64.ActiveCfg = Debug|ARM64
		{DD663A23-103B-4644-AB35-0C7C5A946AD7}.Debug|ARM64.Build.0 = Debug|ARM64
		{DD663A23-103B-4644-AB35-0C7C5A946AD7}.Debug|ARM64.Deploy.0 = Debug|ARM64
		{DD663A23-103B-4644-AB35-0C7C5A946AD7}.Debug|x64.ActiveCfg = Debug|x64
		{DD663A23-103B-4644-AB35-0C7C5A946AD7}.Debug|x64.Build.0 = Debug|x64
		{DD663A23-103B-4644-AB35-0C7C5A946AD7}.Debug|x64.Deploy.0 = Debug|x64
		{DD663A23-103B-4644-AB35-0C7C5A946AD7}.Debug|x86.ActiveCfg = Debug|x86
		{DD663A23-103B-4644-AB35-0C7C5A946AD7}.Debug|x86.Build.0 = Debug|x86
		{DD663A23-103B-4644-AB35-0C7C5A946AD7}.Debug|x86.Deploy.0 = Debug|x86
		{DD663A23-103B-4644-AB35-0C7C5A946AD7}.Release|Any CPU.ActiveCfg = Release|Any CPU
		{DD663A23-103B-4644-AB35-0C7C5A946AD7}.Release|Any CPU.Build.0 = Release|Any CPU
		{DD663A23-103B-4644-AB35-0C7C5A946AD7}.Release|Any CPU.Deploy.0 = Release|Any CPU
		{DD663A23-103B-4644-AB35-0C7C5A946AD7}.Release|ARM.ActiveCfg = Release|ARM
		{DD663A23-103B-4644-AB35-0C7C5A946AD7}.Release|ARM.Build.0 = Release|ARM
		{DD663A23-103B-4644-AB35-0C7C5A946AD7}.Release|ARM.Deploy.0 = Release|ARM
		{DD663A23-103B-4644-AB35-0C7C5A946AD7}.Release|ARM64.ActiveCfg = Release|ARM64
		{DD663A23-103B-4644-AB35-0C7C5A946AD7}.Release|ARM64.Build.0 = Release|ARM64
		{DD663A23-103B-4644-AB35-0C7C5A946AD7}.Release|ARM64.Deploy.0 = Release|ARM64
		{DD663A23-103B-4644-AB35-0C7C5A946AD7}.Release|x64.ActiveCfg = Release|x64
		{DD663A23-103B-4644-AB35-0C7C5A946AD7}.Release|x64.Build.0 = Release|x64
		{DD663A23-103B-4644-AB35-0C7C5A946AD7}.Release|x64.Deploy.0 = Release|x64
		{DD663A23-103B-4644-AB35-0C7C5A946AD7}.Release|x86.ActiveCfg = Release|x86
		{DD663A23-103B-4644-AB35-0C7C5A946AD7}.Release|x86.Build.0 = Release|x86
		{DD663A23-103B-4644-AB35-0C7C5A946AD7}.Release|x86.Deploy.0 = Release|x86
		{D525F983-E5E6-4B82-9281-AD51D858D767}.Debug|Any CPU.ActiveCfg = Debug|x86
		{D525F983-E5E6-4B82-9281-AD51D858D767}.Debug|ARM.ActiveCfg = Debug|ARM
		{D525F983-E5E6-4B82-9281-AD51D858D767}.Debug|ARM.Build.0 = Debug|ARM
		{D525F983-E5E6-4B82-9281-AD51D858D767}.Debug|ARM.Deploy.0 = Debug|ARM
		{D525F983-E5E6-4B82-9281-AD51D858D767}.Debug|ARM64.ActiveCfg = Debug|ARM64
		{D525F983-E5E6-4B82-9281-AD51D858D767}.Debug|ARM64.Build.0 = Debug|ARM64
		{D525F983-E5E6-4B82-9281-AD51D858D767}.Debug|ARM64.Deploy.0 = Debug|ARM64
		{D525F983-E5E6-4B82-9281-AD51D858D767}.Debug|x64.ActiveCfg = Debug|x64
		{D525F983-E5E6-4B82-9281-AD51D858D767}.Debug|x64.Build.0 = Debug|x64
		{D525F983-E5E6-4B82-9281-AD51D858D767}.Debug|x86.ActiveCfg = Debug|x86
		{D525F983-E5E6-4B82-9281-AD51D858D767}.Debug|x86.Build.0 = Debug|x86
		{D525F983-E5E6-4B82-9281-AD51D858D767}.Debug|x86.Deploy.0 = Debug|x86
		{D525F983-E5E6-4B82-9281-AD51D858D767}.Release|Any CPU.ActiveCfg = Release|x86
		{D525F983-E5E6-4B82-9281-AD51D858D767}.Release|ARM.ActiveCfg = Release|ARM
		{D525F983-E5E6-4B82-9281-AD51D858D767}.Release|ARM.Build.0 = Release|ARM
		{D525F983-E5E6-4B82-9281-AD51D858D767}.Release|ARM.Deploy.0 = Release|ARM
		{D525F983-E5E6-4B82-9281-AD51D858D767}.Release|ARM64.ActiveCfg = Release|ARM64
		{D525F983-E5E6-4B82-9281-AD51D858D767}.Release|ARM64.Build.0 = Release|ARM64
		{D525F983-E5E6-4B82-9281-AD51D858D767}.Release|ARM64.Deploy.0 = Release|ARM64
		{D525F983-E5E6-4B82-9281-AD51D858D767}.Release|x64.ActiveCfg = Release|x64
		{D525F983-E5E6-4B82-9281-AD51D858D767}.Release|x64.Build.0 = Release|x64
		{D525F983-E5E6-4B82-9281-AD51D858D767}.Release|x64.Deploy.0 = Release|x64
		{D525F983-E5E6-4B82-9281-AD51D858D767}.Release|x86.ActiveCfg = Release|x86
		{D525F983-E5E6-4B82-9281-AD51D858D767}.Release|x86.Build.0 = Release|x86
		{D525F983-E5E6-4B82-9281-AD51D858D767}.Release|x86.Deploy.0 = Release|x86
	EndGlobalSection
	GlobalSection(SolutionProperties) = preSolution
		HideSolutionNode = FALSE
	EndGlobalSection
	GlobalSection(ExtensibilityGlobals) = postSolution
		SolutionGuid = {F3B944BF-CBEF-46EA-8F40-55AFB2EEE261}
	EndGlobalSection
EndGlobal
